
Microsoft Visual Studio Solution File, Format Version 12.00
# Visual Studio Version 17
VisualStudioVersion = 17.6.33723.286
MinimumVisualStudioVersion = 10.0.40219.1
Project("{FAE04EC0-301F-11D3-BF4B-00C04F79EFBC}") = "RandomNumberGuessingGame", "RandomNumberGuessingGame\RandomNumberGuessingGame.csproj", "{D75B4910-7A77-4F38-B0B7-E7D2495028E9}"
EndProject
Global
	GlobalSection(SolutionConfigurationPlatforms) = preSolution
		Debug|Any CPU = Debug|Any CPU
		Release|Any CPU = Release|Any CPU
	EndGlobalSection
	GlobalSection(ProjectConfigurationPlatforms) = postSolution
		{D75B4910-7A77-4F38-B0B7-E7D2495028E9}.Debug|Any CPU.ActiveCfg = Debug|Any CPU
		{D75B4910-7A77-4F38-B0B7-E7D2495028E9}.Debug|Any CPU.Build.0 = Debug|Any CPU
		{D75B4910-7A77-4F38-B0B7-E7D2495028E9}.Release|Any CPU.ActiveCfg = Release|Any CPU
		{D75B4910-7A77-4F38-B0B7-E7D2495028E9}.Release|Any CPU.Build.0 = Release|Any CPU
	EndGlobalSection
	GlobalSection(SolutionProperties) = preSolution
		HideSolutionNode = FALSE
	EndGlobalSection
	GlobalSection(ExtensibilityGlobals) = postSolution
		SolutionGuid = {F3D6CB1E-71DD-49B7-888C-63323DCFD740}
	EndGlobalSection
EndGlobal
